
Microsoft Visual Studio Solution File, Format Version 12.00
# Visual Studio Version 16
VisualStudioVersion = 16.0.31727.386
MinimumVisualStudioVersion = 10.0.40219.1
Project("{9A19103F-16F7-4668-BE54-9A1E7A4F7556}") = "EAAutoFramework", "EATestProject\EAAutoFramework.csproj", "{E6352161-9274-4D48-AFE5-6F208666FDDB}"
EndProject
Project("{FAE04EC0-301F-11D3-BF4B-00C04F79EFBC}") = "EAAEmployeeTest", "EAAEmployeeTest\EAAEmployeeTest.csproj", "{588D0D86-F00B-4E1C-B9FB-5702E1EAE89B}"
EndProject
Global
	GlobalSection(SolutionConfigurationPlatforms) = preSolution
		Debug|Any CPU = Debug|Any CPU
		Release|Any CPU = Release|Any CPU
	EndGlobalSection
	GlobalSection(ProjectConfigurationPlatforms) = postSolution
		{E6352161-9274-4D48-AFE5-6F208666FDDB}.Debug|Any CPU.ActiveCfg = Debug|Any CPU
		{E6352161-9274-4D48-AFE5-6F208666FDDB}.Debug|Any CPU.Build.0 = Debug|Any CPU
		{E6352161-9274-4D48-AFE5-6F208666FDDB}.Release|Any CPU.ActiveCfg = Release|Any CPU
		{E6352161-9274-4D48-AFE5-6F208666FDDB}.Release|Any CPU.Build.0 = Release|Any CPU
		{588D0D86-F00B-4E1C-B9FB-5702E1EAE89B}.Debug|Any CPU.ActiveCfg = Debug|Any CPU
		{588D0D86-F00B-4E1C-B9FB-5702E1EAE89B}.Debug|Any CPU.Build.0 = Debug|Any CPU
		{588D0D86-F00B-4E1C-B9FB-5702E1EAE89B}.Release|Any CPU.ActiveCfg = Release|Any CPU
		{588D0D86-F00B-4E1C-B9FB-5702E1EAE89B}.Release|Any CPU.Build.0 = Release|Any CPU
	EndGlobalSection
	GlobalSection(SolutionProperties) = preSolution
		HideSolutionNode = FALSE
	EndGlobalSection
	GlobalSection(ExtensibilityGlobals) = postSolution
		SolutionGuid = {4F2C66E1-76C5-4B0A-8AC7-574A1CE6A6C9}
	EndGlobalSection
EndGlobal
